
Microsoft Visual Studio Solution File, Format Version 12.00
# Visual Studio Version 18
VisualStudioVersion = 18.2.11408.102 d18.0
MinimumVisualStudioVersion = 10.0.40219.1
Project("{2150E333-8FDC-42A3-9474-1A3956D46DE8}") = "dlls", "dlls", "{BF759166-26A8-4B46-8423-8091158F2EA5}"
EndProject
Project("{2150E333-8FDC-42A3-9474-1A3956D46DE8}") = "thirdparty", "thirdparty", "{243DBE8A-7A46-42B5-9FEC-A8E7CB67CE81}"
EndProject
Project("{8BC9CEB8-8B4A-11D0-8D11-00A0C91BC942}") = "appmodel", "dlls\appmodel\appmodel.vcxproj", "{C4B41A92-2F30-4E8D-8F44-1A82F5C6A7F9}"
EndProject
Project("{8BC9CEB8-8B4A-11D0-8D11-00A0C91BC942}") = "d3d11_x", "dlls\d3d11_x\d3d11_x.vcxproj", "{DD076E76-174E-414F-A47F-01CC84E3FC80}"
EndProject
Project("{8BC9CEB8-8B4A-11D0-8D11-00A0C91BC942}") = "etwplus", "dlls\etwplus\etwplus.vcxproj", "{F9420BF5-A0E3-41C4-8EB0-DB81A54CF6D8}"
EndProject
Project("{8BC9CEB8-8B4A-11D0-8D11-00A0C91BC942}") = "kernelx", "dlls\kernelx\kernelx.vcxproj", "{94127830-3A6C-4861-BBD2-20C0D289802D}"
	ProjectSection(ProjectDependencies) = postProject
		{37489709-8054-4903-9C49-A79846049FC9} = {37489709-8054-4903-9C49-A79846049FC9}
	EndProjectSection
EndProject
Project("{8BC9CEB8-8B4A-11D0-8D11-00A0C91BC942}") = "mfplat", "dlls\mfplat\mfplat.vcxproj", "{A67D1CEC-9F56-4D53-97C2-88BADEDDB22D}"
EndProject
Project("{8BC9CEB8-8B4A-11D0-8D11-00A0C91BC942}") = "xg_x", "dlls\xg_x\xg_x.vcxproj", "{61147792-3E17-4013-B289-8F7D99BA510F}"
EndProject
Project("{8BC9CEB8-8B4A-11D0-8D11-00A0C91BC942}") = "XboxIntegratedMultiplayer", "dlls\XboxIntegratedMultiplayer\XboxIntegratedMultiplayer.vcxproj", "{4EFBB336-7E24-4AA2-B02F-6C014F5BB7E7}"
EndProject
Project("{8BC9CEB8-8B4A-11D0-8D11-00A0C91BC942}") = "AcpHal", "dlls\AcpHal\AcpHal.vcxproj", "{A89A1631-2013-4642-B8A1-7AFE05D5A46B}"
EndProject
Project("{8BC9CEB8-8B4A-11D0-8D11-00A0C91BC942}") = "winrt_x", "dlls\winrt_x\winrt_x.vcxproj", "{93628D69-C7A5-43E0-A6E7-AE920C666EB4}"
EndProject
Project("{8BC9CEB8-8B4A-11D0-8D11-00A0C91BC942}") = "MMDevAPI", "dlls\MMDevAPI\MMDevAPI.vcxproj", "{6FD783E4-EA7E-40E6-8782-7C0E90CE6D7A}"
EndProject
Project("{2150E333-8FDC-42A3-9474-1A3956D46DE8}") = "Solution Items", "Solution Items", "{98EA9A03-1072-48C6-9F26-B99BFEC68B89}"
	ProjectSection(SolutionItems) = preProject
		.gitignore = .gitignore
	EndProjectSection
EndProject
Project("{8BC9CEB8-8B4A-11D0-8D11-00A0C91BC942}") = "common", "dlls\common\common.vcxproj", "{DA57F1D7-7922-44CB-9251-4D0F7E5E4096}"
EndProject
Project("{8BC9CEB8-8B4A-11D0-8D11-00A0C91BC942}") = "XFrontPanelDisplay", "dlls\XFrontPanelDisplay\XFrontPanelDisplay.vcxproj", "{4A5072B4-8304-4CC4-88C1-CF875110FF47}"
EndProject
Project("{8BC9CEB8-8B4A-11D0-8D11-00A0C91BC942}") = "XAudio2_9_x", "dlls\XAudio2_9\XAudio2_9.vcxproj", "{0C02E6B1-4532-4194-8891-11DDC164C0A8}"
EndProject
Project("{8BC9CEB8-8B4A-11D0-8D11-00A0C91BC942}") = "Detours", "thirdparty\Detours\vc\Detours.vcxproj", "{37489709-8054-4903-9C49-A79846049FC9}"
EndProject
Project("{2150E333-8FDC-42A3-9474-1A3956D46DE8}") = "imgui", "imgui", "{114E77CB-6130-4235-A0F4-3392FA3997C6}"
	ProjectSection(SolutionItems) = preProject
		thirdparty\imgui\imconfig.h = thirdparty\imgui\imconfig.h
		thirdparty\imgui\imgui.cpp = thirdparty\imgui\imgui.cpp
		thirdparty\imgui\imgui.h = thirdparty\imgui\imgui.h
		thirdparty\imgui\imgui_demo.cpp = thirdparty\imgui\imgui_demo.cpp
		thirdparty\imgui\imgui_draw.cpp = thirdparty\imgui\imgui_draw.cpp
		thirdparty\imgui\backends\imgui_impl_dx11.cpp = thirdparty\imgui\backends\imgui_impl_dx11.cpp
		thirdparty\imgui\backends\imgui_impl_dx11.h = thirdparty\imgui\backends\imgui_impl_dx11.h
		thirdparty\imgui\backends\imgui_impl_dx12.cpp = thirdparty\imgui\backends\imgui_impl_dx12.cpp
		thirdparty\imgui\backends\imgui_impl_dx12.h = thirdparty\imgui\backends\imgui_impl_dx12.h
		thirdparty\imgui_impl_uwp.cpp = thirdparty\imgui_impl_uwp.cpp
		thirdparty\imgui_impl_uwp.h = thirdparty\imgui_impl_uwp.h
		thirdparty\imgui\imgui_internal.h = thirdparty\imgui\imgui_internal.h
		thirdparty\imgui\imgui_tables.cpp = thirdparty\imgui\imgui_tables.cpp
		thirdparty\imgui\imgui_widgets.cpp = thirdparty\imgui\imgui_widgets.cpp
		thirdparty\imgui\imstb_rectpack.h = thirdparty\imgui\imstb_rectpack.h
		thirdparty\imgui\imstb_textedit.h = thirdparty\imgui\imstb_textedit.h
		thirdparty\imgui\imstb_truetype.h = thirdparty\imgui\imstb_truetype.h
	EndProjectSection
EndProject
Project("{8BC9CEB8-8B4A-11D0-8D11-00A0C91BC942}") = "d3d12_x", "dlls\d3d12_x\d3d12_x.vcxproj", "{DF076E76-174E-414F-A47F-01CC84E3FC80}"
EndProject
Project("{8BC9CEB8-8B4A-11D0-8D11-00A0C91BC942}") = "xgameruntime", "dlls\xgameruntime\xgameruntime.vcxproj", "{DF076E76-174E-414F-A47F-01CD84E3FC80}"
EndProject
Global
	GlobalSection(SolutionConfigurationPlatforms) = preSolution
		Debug|x64 = Debug|x64
		Release|x64 = Release|x64
	EndGlobalSection
	GlobalSection(ProjectConfigurationPlatforms) = postSolution
		{C4B41A92-2F30-4E8D-8F44-1A82F5C6A7F9}.Debug|x64.ActiveCfg = Debug|x64
		{C4B41A92-2F30-4E8D-8F44-1A82F5C6A7F9}.Debug|x64.Build.0 = Debug|x64
		{C4B41A92-2F30-4E8D-8F44-1A82F5C6A7F9}.Release|x64.ActiveCfg = Release|x64
		{C4B41A92-2F30-4E8D-8F44-1A82F5C6A7F9}.Release|x64.Build.0 = Release|x64
		{DD076E76-174E-414F-A47F-01CC84E3FC80}.Debug|x64.ActiveCfg = Debug|x64
		{DD076E76-174E-414F-A47F-01CC84E3FC80}.Debug|x64.Build.0 = Debug|x64
		{DD076E76-174E-414F-A47F-01CC84E3FC80}.Release|x64.ActiveCfg = Release|x64
		{DD076E76-174E-414F-A47F-01CC84E3FC80}.Release|x64.Build.0 = Release|x64
		{F9420BF5-A0E3-41C4-8EB0-DB81A54CF6D8}.Debug|x64.ActiveCfg = Debug|x64
		{F9420BF5-A0E3-41C4-8EB0-DB81A54CF6D8}.Debug|x64.Build.0 = Debug|x64
		{F9420BF5-A0E3-41C4-8EB0-DB81A54CF6D8}.Release|x64.ActiveCfg = Release|x64
		{F9420BF5-A0E3-41C4-8EB0-DB81A54CF6D8}.Release|x64.Build.0 = Release|x64
		{94127830-3A6C-4861-BBD2-20C0D289802D}.Debug|x64.ActiveCfg = Debug|x64
		{94127830-3A6C-4861-BBD2-20C0D289802D}.Debug|x64.Build.0 = Debug|x64
		{94127830-3A6C-4861-BBD2-20C0D289802D}.Release|x64.ActiveCfg = Release|x64
		{94127830-3A6C-4861-BBD2-20C0D289802D}.Release|x64.Build.0 = Release|x64
		{A67D1CEC-9F56-4D53-97C2-88BADEDDB22D}.Debug|x64.ActiveCfg = Debug|x64
		{A67D1CEC-9F56-4D53-97C2-88BADEDDB22D}.Debug|x64.Build.0 = Debug|x64
		{A67D1CEC-9F56-4D53-97C2-88BADEDDB22D}.Release|x64.ActiveCfg = Release|x64
		{A67D1CEC-9F56-4D53-97C2-88BADEDDB22D}.Release|x64.Build.0 = Release|x64
		{61147792-3E17-4013-B289-8F7D99BA510F}.Debug|x64.ActiveCfg = Debug|x64
		{61147792-3E17-4013-B289-8F7D99BA510F}.Debug|x64.Build.0 = Debug|x64
		{61147792-3E17-4013-B289-8F7D99BA510F}.Release|x64.ActiveCfg = Release|x64
		{61147792-3E17-4013-B289-8F7D99BA510F}.Release|x64.Build.0 = Release|x64
		{4EFBB336-7E24-4AA2-B02F-6C014F5BB7E7}.Debug|x64.ActiveCfg = Debug|x64
		{4EFBB336-7E24-4AA2-B02F-6C014F5BB7E7}.Debug|x64.Build.0 = Debug|x64
		{4EFBB336-7E24-4AA2-B02F-6C014F5BB7E7}.Release|x64.ActiveCfg = Release|x64
		{4EFBB336-7E24-4AA2-B02F-6C014F5BB7E7}.Release|x64.Build.0 = Release|x64
		{A89A1631-2013-4642-B8A1-7AFE05D5A46B}.Debug|x64.ActiveCfg = Debug|x64
		{A89A1631-2013-4642-B8A1-7AFE05D5A46B}.Debug|x64.Build.0 = Debug|x64
		{A89A1631-2013-4642-B8A1-7AFE05D5A46B}.Release|x64.ActiveCfg = Release|x64
		{A89A1631-2013-4642-B8A1-7AFE05D5A46B}.Release|x64.Build.0 = Release|x64
		{93628D69-C7A5-43E0-A6E7-AE920C666EB4}.Debug|x64.ActiveCfg = Debug|x64
		{93628D69-C7A5-43E0-A6E7-AE920C666EB4}.Debug|x64.Build.0 = Debug|x64
		{93628D69-C7A5-43E0-A6E7-AE920C666EB4}.Release|x64.ActiveCfg = Release|x64
		{93628D69-C7A5-43E0-A6E7-AE920C666EB4}.Release|x64.Build.0 = Release|x64
		{6FD783E4-EA7E-40E6-8782-7C0E90CE6D7A}.Debug|x64.ActiveCfg = Debug|x64
		{6FD783E4-EA7E-40E6-8782-7C0E90CE6D7A}.Debug|x64.Build.0 = Debug|x64
		{6FD783E4-EA7E-40E6-8782-7C0E90CE6D7A}.Release|x64.ActiveCfg = Release|x64
		{6FD783E4-EA7E-40E6-8782-7C0E90CE6D7A}.Release|x64.Build.0 = Release|x64
		{DA57F1D7-7922-44CB-9251-4D0F7E5E4096}.Debug|x64.ActiveCfg = Debug|x64
		{DA57F1D7-7922-44CB-9251-4D0F7E5E4096}.Debug|x64.Build.0 = Debug|x64
		{DA57F1D7-7922-44CB-9251-4D0F7E5E4096}.Release|x64.ActiveCfg = Release|x64
		{DA57F1D7-7922-44CB-9251-4D0F7E5E4096}.Release|x64.Build.0 = Release|x64
		{4A5072B4-8304-4CC4-88C1-CF875110FF47}.Debug|x64.ActiveCfg = Debug|x64
		{4A5072B4-8304-4CC4-88C1-CF875110FF47}.Debug|x64.Build.0 = Debug|x64
		{4A5072B4-8304-4CC4-88C1-CF875110FF47}.Release|x64.ActiveCfg = Release|x64
		{4A5072B4-8304-4CC4-88C1-CF875110FF47}.Release|x64.Build.0 = Release|x64
		{0C02E6B1-4532-4194-8891-11DDC164C0A8}.Debug|x64.ActiveCfg = Debug|x64
		{0C02E6B1-4532-4194-8891-11DDC164C0A8}.Debug|x64.Build.0 = Debug|x64
		{0C02E6B1-4532-4194-8891-11DDC164C0A8}.Release|x64.ActiveCfg = Release|x64
		{0C02E6B1-4532-4194-8891-11DDC164C0A8}.Release|x64.Build.0 = Release|x64
		{37489709-8054-4903-9C49-A79846049FC9}.Debug|x64.ActiveCfg = Debug|x64
		{37489709-8054-4903-9C49-A79846049FC9}.Debug|x64.Build.0 = Debug|x64
		{37489709-8054-4903-9C49-A79846049FC9}.Release|x64.ActiveCfg = Release|x64
		{37489709-8054-4903-9C49-A79846049FC9}.Release|x64.Build.0 = Release|x64
		{DF076E76-174E-414F-A47F-01CC84E3FC80}.Debug|x64.ActiveCfg = Debug|x64
		{DF076E76-174E-414F-A47F-01CC84E3FC80}.Debug|x64.Build.0 = Debug|x64
		{DF076E76-174E-414F-A47F-01CC84E3FC80}.Release|x64.ActiveCfg = Release|x64
		{DF076E76-174E-414F-A47F-01CC84E3FC80}.Release|x64.Build.0 = Release|x64
		{DF076E76-174E-414F-A47F-01CD84E3FC80}.Debug|x64.ActiveCfg = Debug|x64
		{DF076E76-174E-414F-A47F-01CD84E3FC80}.Debug|x64.Build.0 = Debug|x64
		{DF076E76-174E-414F-A47F-01CD84E3FC80}.Release|x64.ActiveCfg = Release|x64
		{DF076E76-174E-414F-A47F-01CD84E3FC80}.Release|x64.Build.0 = Release|x64
	EndGlobalSection
	GlobalSection(SolutionProperties) = preSolution
		HideSolutionNode = FALSE
	EndGlobalSection
	GlobalSection(NestedProjects) = preSolution
		{C4B41A92-2F30-4E8D-8F44-1A82F5C6A7F9} = {BF759166-26A8-4B46-8423-8091158F2EA5}
		{DD076E76-174E-414F-A47F-01CC84E3FC80} = {BF759166-26A8-4B46-8423-8091158F2EA5}
		{F9420BF5-A0E3-41C4-8EB0-DB81A54CF6D8} = {BF759166-26A8-4B46-8423-8091158F2EA5}
		{94127830-3A6C-4861-BBD2-20C0D289802D} = {BF759166-26A8-4B46-8423-8091158F2EA5}
		{A67D1CEC-9F56-4D53-97C2-88BADEDDB22D} = {BF759166-26A8-4B46-8423-8091158F2EA5}
		{61147792-3E17-4013-B289-8F7D99BA510F} = {BF759166-26A8-4B46-8423-8091158F2EA5}
		{4EFBB336-7E24-4AA2-B02F-6C014F5BB7E7} = {BF759166-26A8-4B46-8423-8091158F2EA5}
		{A89A1631-2013-4642-B8A1-7AFE05D5A46B} = {BF759166-26A8-4B46-8423-8091158F2EA5}
		{93628D69-C7A5-43E0-A6E7-AE920C666EB4} = {BF759166-26A8-4B46-8423-8091158F2EA5}
		{6FD783E4-EA7E-40E6-8782-7C0E90CE6D7A} = {BF759166-26A8-4B46-8423-8091158F2EA5}
		{DA57F1D7-7922-44CB-9251-4D0F7E5E4096} = {BF759166-26A8-4B46-8423-8091158F2EA5}
		{4A5072B4-8304-4CC4-88C1-CF875110FF47} = {BF759166-26A8-4B46-8423-8091158F2EA5}
		{0C02E6B1-4532-4194-8891-11DDC164C0A8} = {BF759166-26A8-4B46-8423-8091158F2EA5}
		{37489709-8054-4903-9C49-A79846049FC9} = {243DBE8A-7A46-42B5-9FEC-A8E7CB67CE81}
		{114E77CB-6130-4235-A0F4-3392FA3997C6} = {243DBE8A-7A46-42B5-9FEC-A8E7CB67CE81}
		{DF076E76-174E-414F-A47F-01CC84E3FC80} = {BF759166-26A8-4B46-8423-8091158F2EA5}
		{DF076E76-174E-414F-A47F-01CD84E3FC80} = {BF759166-26A8-4B46-8423-8091158F2EA5}
	EndGlobalSection
	GlobalSection(ExtensibilityGlobals) = postSolution
		SolutionGuid = {30EA489C-CFA4-4816-BE12-8BCE129039C5}
	EndGlobalSection
EndGlobal
